// !$*UTF8*$!
{
	archiveVersion = 1;
	classes = {
	};
	objectVersion = 56;
	objects = {

/* Begin PBXBuildFile section */
		6B03EC222964A6B500B0BEC1 /* firstApplicationVideoTutorialApp.swift in Sources */ = {isa = PBXBuildFile; fileRef = 6B03EC212964A6B500B0BEC1 /* firstApplicationVideoTutorialApp.swift */; };
		6B03EC242964A6B500B0BEC1 /* ContentView.swift in Sources */ = {isa = PBXBuildFile; fileRef = 6B03EC232964A6B500B0BEC1 /* ContentView.swift */; };
		6B03EC262964A6B600B0BEC1 /* Assets.xcassets in Resources */ = {isa = PBXBuildFile; fileRef = 6B03EC252964A6B600B0BEC1 /* Assets.xcassets */; };
		6B03EC292964A6B600B0BEC1 /* Preview Assets.xcassets in Resources */ = {isa = PBXBuildFile; fileRef = 6B03EC282964A6B600B0BEC1 /* Preview Assets.xcassets */; };
		6B03EC332964A6B600B0BEC1 /* firstApplicationVideoTutorialTests.swift in Sources */ = {isa = PBXBuildFile; fileRef = 6B03EC322964A6B600B0BEC1 /* firstApplicationVideoTutorialTests.swift */; };
		6B03EC3D2964A6B600B0BEC1 /* firstApplicationVideoTutorialUITests.swift in Sources */ = {isa = PBXBuildFile; fileRef = 6B03EC3C2964A6B600B0BEC1 /* firstApplicationVideoTutorialUITests.swift */; };
		6B03EC3F2964A6B600B0BEC1 /* firstApplicationVideoTutorialUITestsLaunchTests.swift in Sources */ = {isa = PBXBuildFile; fileRef = 6B03EC3E2964A6B600B0BEC1 /* firstApplicationVideoTutorialUITestsLaunchTests.swift */; };
/* End PBXBuildFile section */

/* Begin PBXContainerItemProxy section */
		6B03EC2F2964A6B600B0BEC1 /* PBXContainerItemProxy */ = {
			isa = PBXContainerItemProxy;
			containerPortal = 6B03EC162964A6B500B0BEC1 /* Project object */;
			proxyType = 1;
			remoteGlobalIDString = 6B03EC1D2964A6B500B0BEC1;
			remoteInfo = firstApplicationVideoTutorial;
		};
		6B03EC392964A6B600B0BEC1 /* PBXContainerItemProxy */ = {
			isa = PBXContainerItemProxy;
			containerPortal = 6B03EC162964A6B500B0BEC1 /* Project object */;
			proxyType = 1;
			remoteGlobalIDString = 6B03EC1D2964A6B500B0BEC1;
			remoteInfo = firstApplicationVideoTutorial;
		};
/* End PBXContainerItemProxy section */

/* Begin PBXFileReference section */
		6B03EC1E2964A6B500B0BEC1 /* firstApplicationVideoTutorial.app */ = {isa = PBXFileReference; explicitFileType = wrapper.application; includeInIndex = 0; path = firstApplicationVideoTutorial.app; sourceTree = BUILT_PRODUCTS_DIR; };
		6B03EC212964A6B500B0BEC1 /* firstApplicationVideoTutorialApp.swift */ = {isa = PBXFileReference; lastKnownFileType = sourcecode.swift; path = firstApplicationVideoTutorialApp.swift; sourceTree = "<group>"; };
		6B03EC232964A6B500B0BEC1 /* ContentView.swift */ = {isa = PBXFileReference; lastKnownFileType = sourcecode.swift; path = ContentView.swift; sourceTree = "<group>"; };
		6B03EC252964A6B600B0BEC1 /* Assets.xcassets */ = {isa = PBXFileReference; lastKnownFileType = folder.assetcatalog; path = Assets.xcassets; sourceTree = "<group>"; };
		6B03EC282964A6B600B0BEC1 /* Preview Assets.xcassets */ = {isa = PBXFileReference; lastKnownFileType = folder.assetcatalog; path = "Preview Assets.xcassets"; sourceTree = "<group>"; };
		6B03EC2E2964A6B600B0BEC1 /* firstApplicationVideoTutorialTests.xctest */ = {isa = PBXFileReference; explicitFileType = wrapper.cfbundle; includeInIndex = 0; path = firstApplicationVideoTutorialTests.xctest; sourceTree = BUILT_PRODUCTS_DIR; };
		6B03EC322964A6B600B0BEC1 /* firstApplicationVideoTutorialTests.swift */ = {isa = PBXFileReference; lastKnownFileType = sourcecode.swift; path = firstApplicationVideoTutorialTests.swift; sourceTree = "<group>"; };
		6B03EC382964A6B600B0BEC1 /* firstApplicationVideoTutorialUITests.xctest */ = {isa = PBXFileReference; explicitFileType = wrapper.cfbundle; includeInIndex = 0; path = firstApplicationVideoTutorialUITests.xctest; sourceTree = BUILT_PRODUCTS_DIR; };
		6B03EC3C2964A6B600B0BEC1 /* firstApplicationVideoTutorialUITests.swift */ = {isa = PBXFileReference; lastKnownFileType = sourcecode.swift; path = firstApplicationVideoTutorialUITests.swift; sourceTree = "<group>"; };
		6B03EC3E2964A6B600B0BEC1 /* firstApplicationVideoTutorialUITestsLaunchTests.swift */ = {isa = PBXFileReference; lastKnownFileType = sourcecode.swift; path = firstApplicationVideoTutorialUITestsLaunchTests.swift; sourceTree = "<group>"; };
/* End PBXFileReference section */

/* Begin PBXFrameworksBuildPhase section */
		6B03EC1B2964A6B500B0BEC1 /* Frameworks */ = {
			isa = PBXFrameworksBuildPhase;
			buildActionMask = 2147483647;
			files = (
			);
			runOnlyForDeploymentPostprocessing = 0;
		};
		6B03EC2B2964A6B600B0BEC1 /* Frameworks */ = {
			isa = PBXFrameworksBuildPhase;
			buildActionMask = 2147483647;
			files = (
			);
			runOnlyForDeploymentPostprocessing = 0;
		};
		6B03EC352964A6B600B0BEC1 /* Frameworks */ = {
			isa = PBXFrameworksBuildPhase;
			buildActionMask = 2147483647;
			files = (
			);
			runOnlyForDeploymentPostprocessing = 0;
		};
/* End PBXFrameworksBuildPhase section */

/* Begin PBXGroup section */
		6B03EC152964A6B500B0BEC1 = {
			isa = PBXGroup;
			children = (
				6B03EC202964A6B500B0BEC1 /* firstApplicationVideoTutorial */,
				6B03EC312964A6B600B0BEC1 /* firstApplicationVideoTutorialTests */,
				6B03EC3B2964A6B600B0BEC1 /* firstApplicationVideoTutorialUITests */,
				6B03EC1F2964A6B500B0BEC1 /* Products */,
			);
			sourceTree = "<group>";
		};
		6B03EC1F2964A6B500B0BEC1 /* Products */ = {
			isa = PBXGroup;
			children = (
				6B03EC1E2964A6B500B0BEC1 /* firstApplicationVideoTutorial.app */,
				6B03EC2E2964A6B600B0BEC1 /* firstApplicationVideoTutorialTests.xctest */,
				6B03EC382964A6B600B0BEC1 /* firstApplicationVideoTutorialUITests.xctest */,
			);
			name = Products;
			sourceTree = "<group>";
		};
		6B03EC202964A6B500B0BEC1 /* firstApplicationVideoTutorial */ = {
			isa = PBXGroup;
			children = (
				6B03EC212964A6B500B0BEC1 /* firstApplicationVideoTutorialApp.swift */,
				6B03EC232964A6B500B0BEC1 /* ContentView.swift */,
				6B03EC252964A6B600B0BEC1 /* Assets.xcassets */,
				6B03EC272964A6B600B0BEC1 /* Preview Content */,
			);
			path = firstApplicationVideoTutorial;
			sourceTree = "<group>";
		};
		6B03EC272964A6B600B0BEC1 /* Preview Content */ = {
			isa = PBXGroup;
			children = (
				6B03EC282964A6B600B0BEC1 /* Preview Assets.xcassets */,
			);
			path = "Preview Content";
			sourceTree = "<group>";
		};
		6B03EC312964A6B600B0BEC1 /* firstApplicationVideoTutorialTests */ = {
			isa = PBXGroup;
			children = (
				6B03EC322964A6B600B0BEC1 /* firstApplicationVideoTutorialTests.swift */,
			);
			path = firstApplicationVideoTutorialTests;
			sourceTree = "<group>";
		};
		6B03EC3B2964A6B600B0BEC1 /* firstApplicationVideoTutorialUITests */ = {
			isa = PBXGroup;
			children = (
				6B03EC3C2964A6B600B0BEC1 /* firstApplicationVideoTutorialUITests.swift */,
				6B03EC3E2964A6B600B0BEC1 /* firstApplicationVideoTutorialUITestsLaunchTests.swift */,
			);
			path = firstApplicationVideoTutorialUITests;
			sourceTree = "<group>";
		};
/* End PBXGroup section */

/* Begin PBXNativeTarget section */
		6B03EC1D2964A6B500B0BEC1 /* firstApplicationVideoTutorial */ = {
			isa = PBXNativeTarget;
			buildConfigurationList = 6B03EC422964A6B600B0BEC1 /* Build configuration list for PBXNativeTarget "firstApplicationVideoTutorial" */;
			buildPhases = (
				6B03EC1A2964A6B500B0BEC1 /* Sources */,
				6B03EC1B2964A6B500B0BEC1 /* Frameworks */,
				6B03EC1C2964A6B500B0BEC1 /* Resources */,
			);
			buildRules = (
			);
			dependencies = (
			);
			name = firstApplicationVideoTutorial;
			productName = firstApplicationVideoTutorial;
			productReference = 6B03EC1E2964A6B500B0BEC1 /* firstApplicationVideoTutorial.app */;
			productType = "com.apple.product-type.application";
		};
		6B03EC2D2964A6B600B0BEC1 /* firstApplicationVideoTutorialTests */ = {
			isa = PBXNativeTarget;
			buildConfigurationList = 6B03EC452964A6B600B0BEC1 /* Build configuration list for PBXNativeTarget "firstApplicationVideoTutorialTests" */;
			buildPhases = (
				6B03EC2A2964A6B600B0BEC1 /* Sources */,
				6B03EC2B2964A6B600B0BEC1 /* Frameworks */,
				6B03EC2C2964A6B600B0BEC1 /* Resources */,
			);
			buildRules = (
			);
			dependencies = (
				6B03EC302964A6B600B0BEC1 /* PBXTargetDependency */,
			);
			name = firstApplicationVideoTutorialTests;
			productName = firstApplicationVideoTutorialTests;
			productReference = 6B03EC2E2964A6B600B0BEC1 /* firstApplicationVideoTutorialTests.xctest */;
			productType = "com.apple.product-type.bundle.unit-test";
		};
		6B03EC372964A6B600B0BEC1 /* firstApplicationVideoTutorialUITests */ = {
			isa = PBXNativeTarget;
			buildConfigurationList = 6B03EC482964A6B600B0BEC1 /* Build configuration list for PBXNativeTarget "firstApplicationVideoTutorialUITests" */;
			buildPhases = (
				6B03EC342964A6B600B0BEC1 /* Sources */,
				6B03EC352964A6B600B0BEC1 /* Frameworks */,
				6B03EC362964A6B600B0BEC1 /* Resources */,
			);
			buildRules = (
			);
			dependencies = (
				6B03EC3A2964A6B600B0BEC1 /* PBXTargetDependency */,
			);
			name = firstApplicationVideoTutorialUITests;
			productName = firstApplicationVideoTutorialUITests;
			productReference = 6B03EC382964A6B600B0BEC1 /* firstApplicationVideoTutorialUITests.xctest */;
			productType = "com.apple.product-type.bundle.ui-testing";
		};
/* End PBXNativeTarget section */

/* Begin PBXProject section */
		6B03EC162964A6B500B0BEC1 /* Project object */ = {
			isa = PBXProject;
			attributes = {
				BuildIndependentTargetsInParallel = 1;
				LastSwiftUpdateCheck = 1420;
				LastUpgradeCheck = 1420;
				TargetAttributes = {
					6B03EC1D2964A6B500B0BEC1 = {
						CreatedOnToolsVersion = 14.2;
					};
					6B03EC2D2964A6B600B0BEC1 = {
						CreatedOnToolsVersion = 14.2;
						TestTargetID = 6B03EC1D2964A6B500B0BEC1;
					};
					6B03EC372964A6B600B0BEC1 = {
						CreatedOnToolsVersion = 14.2;
						TestTargetID = 6B03EC1D2964A6B500B0BEC1;
					};
				};
			};
			buildConfigurationList = 6B03EC192964A6B500B0BEC1 /* Build configuration list for PBXProject "firstApplicationVideoTutorial" */;
			compatibilityVersion = "Xcode 14.0";
			developmentRegion = en;
			hasScannedForEncodings = 0;
			knownRegions = (
				en,
				Base,
			);
			mainGroup = 6B03EC152964A6B500B0BEC1;
			productRefGroup = 6B03EC1F2964A6B500B0BEC1 /* Products */;
			projectDirPath = "";
			projectRoot = "";
			targets = (
				6B03EC1D2964A6B500B0BEC1 /* firstApplicationVideoTutorial */,
				6B03EC2D2964A6B600B0BEC1 /* firstApplicationVideoTutorialTests */,
				6B03EC372964A6B600B0BEC1 /* firstApplicationVideoTutorialUITests */,
			);
		};
/* End PBXProject section */

/* Begin PBXResourcesBuildPhase section */
		6B03EC1C2964A6B500B0BEC1 /* Resources */ = {
			isa = PBXResourcesBuildPhase;
			buildActionMask = 2147483647;
			files = (
				6B03EC292964A6B600B0BEC1 /* Preview Assets.xcassets in Resources */,
				6B03EC262964A6B600B0BEC1 /* Assets.xcassets in Resources */,
			);
			runOnlyForDeploymentPostprocessing = 0;
		};
		6B03EC2C2964A6B600B0BEC1 /* Resources */ = {
			isa = PBXResourcesBuildPhase;
			buildActionMask = 2147483647;
			files = (
			);
			runOnlyForDeploymentPostprocessing = 0;
		};
		6B03EC362964A6B600B0BEC1 /* Resources */ = {
			isa = PBXResourcesBuildPhase;
			buildActionMask = 2147483647;
			files = (
			);
			runOnlyForDeploymentPostprocessing = 0;
		};
/* End PBXResourcesBuildPhase section */

/* Begin PBXSourcesBuildPhase section */
		6B03EC1A2964A6B500B0BEC1 /* Sources */ = {
			isa = PBXSourcesBuildPhase;
			buildActionMask = 2147483647;
			files = (
				6B03EC242964A6B500B0BEC1 /* ContentView.swift in Sources */,
				6B03EC222964A6B500B0BEC1 /* firstApplicationVideoTutorialApp.swift in Sources */,
			);
			runOnlyForDeploymentPostprocessing = 0;
		};
		6B03EC2A2964A6B600B0BEC1 /* Sources */ = {
			isa = PBXSourcesBuildPhase;
			buildActionMask = 2147483647;
			files = (
				6B03EC332964A6B600B0BEC1 /* firstApplicationVideoTutorialTests.swift in Sources */,
			);
			runOnlyForDeploymentPostprocessing = 0;
		};
		6B03EC342964A6B600B0BEC1 /* Sources */ = {
			isa = PBXSourcesBuildPhase;
			buildActionMask = 2147483647;
			files = (
				6B03EC3F2964A6B600B0BEC1 /* firstApplicationVideoTutorialUITestsLaunchTests.swift in Sources */,
				6B03EC3D2964A6B600B0BEC1 /* firstApplicationVideoTutorialUITests.swift in Sources */,
			);
			runOnlyForDeploymentPostprocessing = 0;
		};
/* End PBXSourcesBuildPhase section */

/* Begin PBXTargetDependency section */
		6B03EC302964A6B600B0BEC1 /* PBXTargetDependency */ = {
			isa = PBXTargetDependency;
			target = 6B03EC1D2964A6B500B0BEC1 /* firstApplicationVideoTutorial */;
			targetProxy = 6B03EC2F2964A6B600B0BEC1 /* PBXContainerItemProxy */;
		};
		6B03EC3A2964A6B600B0BEC1 /* PBXTargetDependency */ = {
			isa = PBXTargetDependency;
			target = 6B03EC1D2964A6B500B0BEC1 /* firstApplicationVideoTutorial */;
			targetProxy = 6B03EC392964A6B600B0BEC1 /* PBXContainerItemProxy */;
		};
/* End PBXTargetDependency section */

/* Begin XCBuildConfiguration section */
		6B03EC402964A6B600B0BEC1 /* Debug */ = {
			isa = XCBuildConfiguration;
			buildSettings = {
				ALWAYS_SEARCH_USER_PATHS = NO;
				CLANG_ANALYZER_NONNULL = YES;
				CLANG_ANALYZER_NUMBER_OBJECT_CONVERSION = YES_AGGRESSIVE;
				CLANG_CXX_LANGUAGE_STANDARD = "gnu++20";
				CLANG_ENABLE_MODULES = YES;
				CLANG_ENABLE_OBJC_ARC = YES;
				CLANG_ENABLE_OBJC_WEAK = YES;
				CLANG_WARN_BLOCK_CAPTURE_AUTORELEASING = YES;
				CLANG_WARN_BOOL_CONVERSION = YES;
				CLANG_WARN_COMMA = YES;
				CLANG_WARN_CONSTANT_CONVERSION = YES;
				CLANG_WARN_DEPRECATED_OBJC_IMPLEMENTATIONS = YES;
				CLANG_WARN_DIRECT_OBJC_ISA_USAGE = YES_ERROR;
				CLANG_WARN_DOCUMENTATION_COMMENTS = YES;
				CLANG_WARN_EMPTY_BODY = YES;
				CLANG_WARN_ENUM_CONVERSION = YES;
				CLANG_WARN_INFINITE_RECURSION = YES;
				CLANG_WARN_INT_CONVERSION = YES;
				CLANG_WARN_NON_LITERAL_NULL_CONVERSION = YES;
				CLANG_WARN_OBJC_IMPLICIT_RETAIN_SELF = YES;
				CLANG_WARN_OBJC_LITERAL_CONVERSION = YES;
				CLANG_WARN_OBJC_ROOT_CLASS = YES_ERROR;
				CLANG_WARN_QUOTED_INCLUDE_IN_FRAMEWORK_HEADER = YES;
				CLANG_WARN_RANGE_LOOP_ANALYSIS = YES;
				CLANG_WARN_STRICT_PROTOTYPES = YES;
				CLANG_WARN_SUSPICIOUS_MOVE = YES;
				CLANG_WARN_UNGUARDED_AVAILABILITY = YES_AGGRESSIVE;
				CLANG_WARN_UNREACHABLE_CODE = YES;
				CLANG_WARN__DUPLICATE_METHOD_MATCH = YES;
				COPY_PHASE_STRIP = NO;
				DEBUG_INFORMATION_FORMAT = dwarf;
				ENABLE_STRICT_OBJC_MSGSEND = YES;
				ENABLE_TESTABILITY = YES;
				GCC_C_LANGUAGE_STANDARD = gnu11;
				GCC_DYNAMIC_NO_PIC = NO;
				GCC_NO_COMMON_BLOCKS = YES;
				GCC_OPTIMIZATION_LEVEL = 0;
				GCC_PREPROCESSOR_DEFINITIONS = (
					"DEBUG=1",
					"$(inherited)",
				);
				GCC_WARN_64_TO_32_BIT_CONVERSION = YES;
				GCC_WARN_ABOUT_RETURN_TYPE = YES_ERROR;
				GCC_WARN_UNDECLARED_SELECTOR = YES;
				GCC_WARN_UNINITIALIZED_AUTOS = YES_AGGRESSIVE;
				GCC_WARN_UNUSED_FUNCTION = YES;
				GCC_WARN_UNUSED_VARIABLE = YES;
				IPHONEOS_DEPLOYMENT_TARGET = 16.2;
				MTL_ENABLE_DEBUG_INFO = INCLUDE_SOURCE;
				MTL_FAST_MATH = YES;
				ONLY_ACTIVE_ARCH = YES;
				SDKROOT = iphoneos;
				SWIFT_ACTIVE_COMPILATION_CONDITIONS = DEBUG;
				SWIFT_OPTIMIZATION_LEVEL = "-Onone";
			};
			name = Debug;
		};
		6B03EC412964A6B600B0BEC1 /* Release */ = {
			isa = XCBuildConfiguration;
			buildSettings = {
				ALWAYS_SEARCH_USER_PATHS = NO;
				CLANG_ANALYZER_NONNULL = YES;
				CLANG_ANALYZER_NUMBER_OBJECT_CONVERSION = YES_AGGRESSIVE;
				CLANG_CXX_LANGUAGE_STANDARD = "gnu++20";
				CLANG_ENABLE_MODULES = YES;
				CLANG_ENABLE_OBJC_ARC = YES;
				CLANG_ENABLE_OBJC_WEAK = YES;
				CLANG_WARN_BLOCK_CAPTURE_AUTORELEASING = YES;
				CLANG_WARN_BOOL_CONVERSION = YES;
				CLANG_WARN_COMMA = YES;
				CLANG_WARN_CONSTANT_CONVERSION = YES;
				CLANG_WARN_DEPRECATED_OBJC_IMPLEMENTATIONS = YES;
				CLANG_WARN_DIRECT_OBJC_ISA_USAGE = YES_ERROR;
				CLANG_WARN_DOCUMENTATION_COMMENTS = YES;
				CLANG_WARN_EMPTY_BODY = YES;
				CLANG_WARN_ENUM_CONVERSION = YES;
				CLANG_WARN_INFINITE_RECURSION = YES;
				CLANG_WARN_INT_CONVERSION = YES;
				CLANG_WARN_NON_LITERAL_NULL_CONVERSION = YES;
				CLANG_WARN_OBJC_IMPLICIT_RETAIN_SELF = YES;
				CLANG_WARN_OBJC_LITERAL_CONVERSION = YES;
				CLANG_WARN_OBJC_ROOT_CLASS = YES_ERROR;
				CLANG_WARN_QUOTED_INCLUDE_IN_FRAMEWORK_HEADER = YES;
				CLANG_WARN_RANGE_LOOP_ANALYSIS = YES;
				CLANG_WARN_STRICT_PROTOTYPES = YES;
				CLANG_WARN_SUSPICIOUS_MOVE = YES;
				CLANG_WARN_UNGUARDED_AVAILABILITY = YES_AGGRESSIVE;
				CLANG_WARN_UNREACHABLE_CODE = YES;
				CLANG_WARN__DUPLICATE_METHOD_MATCH = YES;
				COPY_PHASE_STRIP = NO;
				DEBUG_INFORMATION_FORMAT = "dwarf-with-dsym";
				ENABLE_NS_ASSERTIONS = NO;
				ENABLE_STRICT_OBJC_MSGSEND = YES;
				GCC_C_LANGUAGE_STANDARD = gnu11;
				GCC_NO_COMMON_BLOCKS = YES;
				GCC_WARN_64_TO_32_BIT_CONVERSION = YES;
				GCC_WARN_ABOUT_RETURN_TYPE = YES_ERROR;
				GCC_WARN_UNDECLARED_SELECTOR = YES;
				GCC_WARN_UNINITIALIZED_AUTOS = YES_AGGRESSIVE;
				GCC_WARN_UNUSED_FUNCTION = YES;
				GCC_WARN_UNUSED_VARIABLE = YES;
				IPHONEOS_DEPLOYMENT_TARGET = 16.2;
				MTL_ENABLE_DEBUG_INFO = NO;
				MTL_FAST_MATH = YES;
				SDKROOT = iphoneos;
				SWIFT_COMPILATION_MODE = wholemodule;
				SWIFT_OPTIMIZATION_LEVEL = "-O";
				VALIDATE_PRODUCT = YES;
			};
			name = Release;
		};
		6B03EC432964A6B600B0BEC1 /* Debug */ = {
			isa = XCBuildConfiguration;
			buildSettings = {
				ASSETCATALOG_COMPILER_APPICON_NAME = AppIcon;
				ASSETCATALOG_COMPILER_GLOBAL_ACCENT_COLOR_NAME = AccentColor;
				CODE_SIGN_STYLE = Automatic;
				CURRENT_PROJECT_VERSION = 1;
				DEVELOPMENT_ASSET_PATHS = "\"firstApplicationVideoTutorial/Preview Content\"";
				ENABLE_PREVIEWS = YES;
				GENERATE_INFOPLIST_FILE = YES;
				INFOPLIST_KEY_UIApplicationSceneManifest_Generation = YES;
				INFOPLIST_KEY_UIApplicationSupportsIndirectInputEvents = YES;
				INFOPLIST_KEY_UILaunchScreen_Generation = YES;
				INFOPLIST_KEY_UISupportedInterfaceOrientations_iPad = "UIInterfaceOrientationPortrait UIInterfaceOrientationPortraitUpsideDown UIInterfaceOrientationLandscapeLeft UIInterfaceOrientationLandscapeRight";
				INFOPLIST_KEY_UISupportedInterfaceOrientations_iPhone = "UIInterfaceOrientationPortrait UIInterfaceOrientationLandscapeLeft UIInterfaceOrientationLandscapeRight";
				LD_RUNPATH_SEARCH_PATHS = (
					"$(inherited)",
					"@executable_path/Frameworks",
				);
				MARKETING_VERSION = 1.0;
				PRODUCT_BUNDLE_IDENTIFIER = com.swiftProcess.firstApplicationVideoTutorial;
				PRODUCT_NAME = "$(TARGET_NAME)";
				SWIFT_EMIT_LOC_STRINGS = YES;
				SWIFT_VERSION = 5.0;
				TARGETED_DEVICE_FAMILY = "1,2";
			};
			name = Debug;
		};
		6B03EC442964A6B600B0BEC1 /* Release */ = {
			isa = XCBuildConfiguration;
			buildSettings = {
				ASSETCATALOG_COMPILER_APPICON_NAME = AppIcon;
				ASSETCATALOG_COMPILER_GLOBAL_ACCENT_COLOR_NAME = AccentColor;
				CODE_SIGN_STYLE = Automatic;
				CURRENT_PROJECT_VERSION = 1;
				DEVELOPMENT_ASSET_PATHS = "\"firstApplicationVideoTutorial/Preview Content\"";
				ENABLE_PREVIEWS = YES;
				GENERATE_INFOPLIST_FILE = YES;
				INFOPLIST_KEY_UIApplicationSceneManifest_Generation = YES;
				INFOPLIST_KEY_UIApplicationSupportsIndirectInputEvents = YES;
				INFOPLIST_KEY_UILaunchScreen_Generation = YES;
				INFOPLIST_KEY_UISupportedInterfaceOrientations_iPad = "UIInterfaceOrientationPortrait UIInterfaceOrientationPortraitUpsideDown UIInterfaceOrientationLandscapeLeft UIInterfaceOrientationLandscapeRight";
				INFOPLIST_KEY_UISupportedInterfaceOrientations_iPhone = "UIInterfaceOrientationPortrait UIInterfaceOrientationLandscapeLeft UIInterfaceOrientationLandscapeRight";
				LD_RUNPATH_SEARCH_PATHS = (
					"$(inherited)",
					"@executable_path/Frameworks",
				);
				MARKETING_VERSION = 1.0;
				PRODUCT_BUNDLE_IDENTIFIER = com.swiftProcess.firstApplicationVideoTutorial;
				PRODUCT_NAME = "$(TARGET_NAME)";
				SWIFT_EMIT_LOC_STRINGS = YES;
				SWIFT_VERSION = 5.0;
				TARGETED_DEVICE_FAMILY = "1,2";
			};
			name = Release;
		};
		6B03EC462964A6B600B0BEC1 /* Debug */ = {
			isa = XCBuildConfiguration;
			buildSettings = {
				ALWAYS_EMBED_SWIFT_STANDARD_LIBRARIES = YES;
				BUNDLE_LOADER = "$(TEST_HOST)";
				CODE_SIGN_STYLE = Automatic;
				CURRENT_PROJECT_VERSION = 1;
				GENERATE_INFOPLIST_FILE = YES;
				IPHONEOS_DEPLOYMENT_TARGET = 16.2;
				MARKETING_VERSION = 1.0;
				PRODUCT_BUNDLE_IDENTIFIER = com.swiftProcess.firstApplicationVideoTutorialTests;
				PRODUCT_NAME = "$(TARGET_NAME)";
				SWIFT_EMIT_LOC_STRINGS = NO;
				SWIFT_VERSION = 5.0;
				TARGETED_DEVICE_FAMILY = "1,2";
				TEST_HOST = "$(BUILT_PRODUCTS_DIR)/firstApplicationVideoTutorial.app/$(BUNDLE_EXECUTABLE_FOLDER_PATH)/firstApplicationVideoTutorial";
			};
			name = Debug;
		};
		6B03EC472964A6B600B0BEC1 /* Release */ = {
			isa = XCBuildConfiguration;
			buildSettings = {
				ALWAYS_EMBED_SWIFT_STANDARD_LIBRARIES = YES;
				BUNDLE_LOADER = "$(TEST_HOST)";
				CODE_SIGN_STYLE = Automatic;
				CURRENT_PROJECT_VERSION = 1;
				GENERATE_INFOPLIST_FILE = YES;
				IPHONEOS_DEPLOYMENT_TARGET = 16.2;
				MARKETING_VERSION = 1.0;
				PRODUCT_BUNDLE_IDENTIFIER = com.swiftProcess.firstApplicationVideoTutorialTests;
				PRODUCT_NAME = "$(TARGET_NAME)";
				SWIFT_EMIT_LOC_STRINGS = NO;
				SWIFT_VERSION = 5.0;
				TARGETED_DEVICE_FAMILY = "1,2";
				TEST_HOST = "$(BUILT_PRODUCTS_DIR)/firstApplicationVideoTutorial.app/$(BUNDLE_EXECUTABLE_FOLDER_PATH)/firstApplicationVideoTutorial";
			};
			name = Release;
		};
		6B03EC492964A6B600B0BEC1 /* Debug */ = {
			isa = XCBuildConfiguration;
			buildSettings = {
				ALWAYS_EMBED_SWIFT_STANDARD_LIBRARIES = YES;
				CODE_SIGN_STYLE = Automatic;
				CURRENT_PROJECT_VERSION = 1;
				GENERATE_INFOPLIST_FILE = YES;
				MARKETING_VERSION = 1.0;
				PRODUCT_BUNDLE_IDENTIFIER = com.swiftProcess.firstApplicationVideoTutorialUITests;
				PRODUCT_NAME = "$(TARGET_NAME)";
				SWIFT_EMIT_LOC_STRINGS = NO;
				SWIFT_VERSION = 5.0;
				TARGETED_DEVICE_FAMILY = "1,2";
				TEST_TARGET_NAME = firstApplicationVideoTutorial;
			};
			name = Debug;
		};
		6B03EC4A2964A6B600B0BEC1 /* Release */ = {
			isa = XCBuildConfiguration;
			buildSettings = {
				ALWAYS_EMBED_SWIFT_STANDARD_LIBRARIES = YES;
				CODE_SIGN_STYLE = Automatic;
				CURRENT_PROJECT_VERSION = 1;
				GENERATE_INFOPLIST_FILE = YES;
				MARKETING_VERSION = 1.0;
				PRODUCT_BUNDLE_IDENTIFIER = com.swiftProcess.firstApplicationVideoTutorialUITests;
				PRODUCT_NAME = "$(TARGET_NAME)";
				SWIFT_EMIT_LOC_STRINGS = NO;
				SWIFT_VERSION = 5.0;
				TARGETED_DEVICE_FAMILY = "1,2";
				TEST_TARGET_NAME = firstApplicationVideoTutorial;
			};
			name = Release;
		};
/* End XCBuildConfiguration section */

/* Begin XCConfigurationList section */
		6B03EC192964A6B500B0BEC1 /* Build configuration list for PBXProject "firstApplicationVideoTutorial" */ = {
			isa = XCConfigurationList;
			buildConfigurations = (
				6B03EC402964A6B600B0BEC1 /* Debug */,
				6B03EC412964A6B600B0BEC1 /* Release */,
			);
			defaultConfigurationIsVisible = 0;
			defaultConfigurationName = Release;
		};
		6B03EC422964A6B600B0BEC1 /* Build configuration list for PBXNativeTarget "firstApplicationVideoTutorial" */ = {
			isa = XCConfigurationList;
			buildConfigurations = (
				6B03EC432964A6B600B0BEC1 /* Debug */,
				6B03EC442964A6B600B0BEC1 /* Release */,
			);
			defaultConfigurationIsVisible = 0;
			defaultConfigurationName = Release;
		};
		6B03EC452964A6B600B0BEC1 /* Build configuration list for PBXNativeTarget "firstApplicationVideoTutorialTests" */ = {
			isa = XCConfigurationList;
			buildConfigurations = (
				6B03EC462964A6B600B0BEC1 /* Debug */,
				6B03EC472964A6B600B0BEC1 /* Release */,
			);
			defaultConfigurationIsVisible = 0;
			defaultConfigurationName = Release;
		};
		6B03EC482964A6B600B0BEC1 /* Build configuration list for PBXNativeTarget "firstApplicationVideoTutorialUITests" */ = {
			isa = XCConfigurationList;
			buildConfigurations = (
				6B03EC492964A6B600B0BEC1 /* Debug */,
				6B03EC4A2964A6B600B0BEC1 /* Release */,
			);
			defaultConfigurationIsVisible = 0;
			defaultConfigurationName = Release;
		};
/* End XCConfigurationList section */
	};
	rootObject = 6B03EC162964A6B500B0BEC1 /* Project object */;
}
